
Microsoft Visual Studio Solution File, Format Version 12.00
# Visual Studio 15
VisualStudioVersion = 15.0.27703.2026
MinimumVisualStudioVersion = 10.0.40219.1
Project("{FAE04EC0-301F-11D3-BF4B-00C04F79EFBC}") = "aybPaymentSolutionApp.Android", "aybPaymentSolutionApp\aybPaymentSolutionApp.Android\aybPaymentSolutionApp.Android.csproj", "{FCA17262-6663-4858-B96A-1C9E5813822A}"
EndProject
Project("{FAE04EC0-301F-11D3-BF4B-00C04F79EFBC}") = "aybPaymentSolutionApp", "aybPaymentSolutionApp\aybPaymentSolutionApp\aybPaymentSolutionApp.csproj", "{F4B1DC9E-3C29-4F56-8C74-880F03DD26E8}"
EndProject
Global
	GlobalSection(SolutionConfigurationPlatforms) = preSolution
		Debug|Any CPU = Debug|Any CPU
		Release|Any CPU = Release|Any CPU
	EndGlobalSection
	GlobalSection(ProjectConfigurationPlatforms) = postSolution
		{FCA17262-6663-4858-B96A-1C9E5813822A}.Debug|Any CPU.ActiveCfg = Debug|Any CPU
		{FCA17262-6663-4858-B96A-1C9E5813822A}.Debug|Any CPU.Build.0 = Debug|Any CPU
		{FCA17262-6663-4858-B96A-1C9E5813822A}.Debug|Any CPU.Deploy.0 = Debug|Any CPU
		{FCA17262-6663-4858-B96A-1C9E5813822A}.Release|Any CPU.ActiveCfg = Release|Any CPU
		{FCA17262-6663-4858-B96A-1C9E5813822A}.Release|Any CPU.Build.0 = Release|Any CPU
		{FCA17262-6663-4858-B96A-1C9E5813822A}.Release|Any CPU.Deploy.0 = Release|Any CPU
		{F4B1DC9E-3C29-4F56-8C74-880F03DD26E8}.Debug|Any CPU.ActiveCfg = Debug|Any CPU
		{F4B1DC9E-3C29-4F56-8C74-880F03DD26E8}.Debug|Any CPU.Build.0 = Debug|Any CPU
		{F4B1DC9E-3C29-4F56-8C74-880F03DD26E8}.Debug|Any CPU.Deploy.0 = Debug|Any CPU
		{F4B1DC9E-3C29-4F56-8C74-880F03DD26E8}.Release|Any CPU.ActiveCfg = Release|Any CPU
		{F4B1DC9E-3C29-4F56-8C74-880F03DD26E8}.Release|Any CPU.Build.0 = Release|Any CPU
		{F4B1DC9E-3C29-4F56-8C74-880F03DD26E8}.Release|Any CPU.Deploy.0 = Release|Any CPU
	EndGlobalSection
	GlobalSection(SolutionProperties) = preSolution
		HideSolutionNode = FALSE
	EndGlobalSection
	GlobalSection(ExtensibilityGlobals) = postSolution
		SolutionGuid = {00119C26-3D27-4946-8CF9-43AA0232AEFD}
	EndGlobalSection
EndGlobal
